{
  "name": "crossy-politician",
  "lockfileVersion": 3,
  "requires": true,
  "packages": {
    "": {
      "dependencies": {
        "react-native-google-mobile-ads": "^16.3.0"
      },
      "devDependencies": {
        "@types/three": "^0.179.0"
      }
    },
    "node_modules/@babel/runtime": {
      "version": "7.29.2",
      "resolved": "https://registry.npmjs.org/@babel/runtime/-/runtime-7.29.2.tgz",
      "integrity": "sha512-JiDShH45zKHWyGe4ZNVRrCjBz8Nh9TMmZG1kh4QTK8hCBTWBi8Da+i7s1fJw7/lYpM4ccepSNfqzZ/QvABBi5g==",
      "license": "MIT",
      "engines": {
        "node": ">=6.9.0"
      }
    },
    "node_modules/@dimforge/rapier3d-compat": {
      "version": "0.12.0",
      "resolved": "https://registry.npmjs.org/@dimforge/rapier3d-compat/-/rapier3d-compat-0.12.0.tgz",
      "integrity": "sha512-uekIGetywIgopfD97oDL5PfeezkFpNhwlzlaEYNOA0N6ghdsOvh/HYjSMek5Q2O1PYvRSDFcqFVJl4r4ZBwOow==",
      "dev": true,
      "license": "Apache-2.0"
    },
    "node_modules/@iabtcf/core": {
      "version": "1.5.6",
      "resolved": "https://registry.npmjs.org/@iabtcf/core/-/core-1.5.6.tgz",
      "integrity": "sha512-u2q9thI9vLurYZdGtyJsDYOqoeLc4EgQsYGSc+UVibYII61B/ENJPZS6eFlML1F0hSoTR/goptpo5nGRDkKd2w==",
      "license": "Apache-2.0"
    },
    "node_modules/@tweenjs/tween.js": {
      "version": "23.1.3",
      "resolved": "https://registry.npmjs.org/@tweenjs/tween.js/-/tween.js-23.1.3.tgz",
      "integrity": "sha512-vJmvvwFxYuGnF2axRtPYocag6Clbb5YS7kLL+SO/TeVFzHqDIWrNKYtcsPMibjDx9O+bu+psAy9NKfWklassUA==",
      "dev": true,
      "license": "MIT"
    },
    "node_modules/@types/stats.js": {
      "version": "0.17.4",
      "resolved": "https://registry.npmjs.org/@types/stats.js/-/stats.js-0.17.4.tgz",
      "integrity": "sha512-jIBvWWShCvlBqBNIZt0KAshWpvSjhkwkEu4ZUcASoAvhmrgAUI2t1dXrjSL4xXVLB4FznPrIsX3nKXFl/Dt4vA==",
      "dev": true,
      "license": "MIT"
    },
    "node_modules/@types/three": {
      "version": "0.179.0",
      "resolved": "https://registry.npmjs.org/@types/three/-/three-0.179.0.tgz",
      "integrity": "sha512-VgbFG2Pgsm84BqdegZzr7w2aKbQxmgzIu4Dy7/75ygiD/0P68LKmp5ie08KMPNqGTQwIge8s6D1guZf1RnZE0A==",
      "dev": true,
      "license": "MIT",
      "dependencies": {
        "@dimforge/rapier3d-compat": "~0.12.0",
        "@tweenjs/tween.js": "~23.1.3",
        "@types/stats.js": "*",
        "@types/webxr": "*",
        "@webgpu/types": "*",
        "fflate": "~0.8.2",
        "meshoptimizer": "~0.22.0"
      }
    },
    "node_modules/@types/webxr": {
      "version": "0.5.22",
      "resolved": "https://registry.npmjs.org/@types/webxr/-/webxr-0.5.22.tgz",
      "integrity": "sha512-Vr6Stjv5jPRqH690f5I5GLjVk8GSsoQSYJ2FVd/3jJF7KaqfwPi3ehfBS96mlQ2kPCwZaX6U0rG2+NGHBKkA/A==",
      "dev": true,
      "license": "MIT"
    },
    "node_modules/@webgpu/types": {
      "version": "0.1.64",
      "resolved": "https://registry.npmjs.org/@webgpu/types/-/types-0.1.64.tgz",
      "integrity": "sha512-84kRIAGV46LJTlJZWxShiOrNL30A+9KokD7RB3dRCIqODFjodS5tCD5yyiZ8kIReGVZSDfA3XkkwyyOIF6K62A==",
      "dev": true,
      "license": "BSD-3-Clause"
    },
    "node_modules/dequal": {
      "version": "2.0.3",
      "resolved": "https://registry.npmjs.org/dequal/-/dequal-2.0.3.tgz",
      "integrity": "sha512-0je+qPKHEMohvfRTCEo3CrPG6cAzAYgmzKyxRiYSSDkS6eGJdyVJm7WaYA5ECaAD9wLB2T4EEeymA5aFVcYXCA==",
      "license": "MIT",
      "engines": {
        "node": ">=6"
      }
    },
    "node_modules/fflate": {
      "version": "0.8.2",
      "resolved": "https://registry.npmjs.org/fflate/-/fflate-0.8.2.tgz",
      "integrity": "sha512-cPJU47OaAoCbg0pBvzsgpTPhmhqI5eJjh/JIu8tPj5q+T7iLvW/JAYUqmE7KOB4R1ZyEhzBaIQpQpardBF5z8A==",
      "dev": true,
      "license": "MIT"
    },
    "node_modules/meshoptimizer": {
      "version": "0.22.0",
      "resolved": "https://registry.npmjs.org/meshoptimizer/-/meshoptimizer-0.22.0.tgz",
      "integrity": "sha512-IebiK79sqIy+E4EgOr+CAw+Ke8hAspXKzBd0JdgEmPHiAwmvEj2S4h1rfvo+o/BnfEYd/jAOg5IeeIjzlzSnDg==",
      "dev": true,
      "license": "MIT"
    },
    "node_modules/react": {
      "version": "19.2.4",
      "resolved": "https://registry.npmjs.org/react/-/react-19.2.4.tgz",
      "integrity": "sha512-9nfp2hYpCwOjAN+8TZFGhtWEwgvWHXqESH8qT89AT/lWklpLON22Lc8pEtnpsZz7VmawabSU0gCjnj8aC0euHQ==",
      "license": "MIT",
      "peer": true,
      "engines": {
        "node": ">=0.10.0"
      }
    },
    "node_modules/react-native-google-mobile-ads": {
      "version": "16.3.0",
      "resolved": "https://registry.npmjs.org/react-native-google-mobile-ads/-/react-native-google-mobile-ads-16.3.0.tgz",
      "integrity": "sha512-YzUbCCi7UFVVWZpxVsCbab8euSUzUtwvlouimjqqfja8LexY3KT07fL6+kKsmhCa7v4R1xnHEFfEmeMWRSzcGA==",
      "license": "Apache-2.0",
      "dependencies": {
        "@iabtcf/core": "^1.5.6",
        "use-deep-compare-effect": "^1.8.1"
      },
      "peerDependencies": {
        "expo": ">=47.0.0"
      },
      "peerDependenciesMeta": {
        "expo": {
          "optional": true
        }
      }
    },
    "node_modules/use-deep-compare-effect": {
      "version": "1.8.1",
      "resolved": "https://registry.npmjs.org/use-deep-compare-effect/-/use-deep-compare-effect-1.8.1.tgz",
      "integrity": "sha512-kbeNVZ9Zkc0RFGpfMN3MNfaKNvcLNyxOAAd9O4CBZ+kCBXXscn9s/4I+8ytUER4RDpEYs5+O6Rs4PqiZ+rHr5Q==",
      "license": "MIT",
      "dependencies": {
        "@babel/runtime": "^7.12.5",
        "dequal": "^2.0.2"
      },
      "engines": {
        "node": ">=10",
        "npm": ">=6"
      },
      "peerDependencies": {
        "react": ">=16.13"
      }
    }
  }
}
